// !$*UTF8*$!
{
	archiveVersion = 1;
	classes = {
	};
	objectVersion = 50;
	objects = {

/* Begin PBXBuildFile section */
		7E04249B26385F5E0049425F /* demoLearningShader.cpp in Sources */ = {isa = PBXBuildFile; fileRef = 7E04249A26385F5E0049425F /* demoLearningShader.cpp */; };
		7E0424A02638616F0049425F /* myGlfw.cpp in Sources */ = {isa = PBXBuildFile; fileRef = 7E04249E2638616F0049425F /* myGlfw.cpp */; };
		7E0424A6263869010049425F /* myGlad.cpp in Sources */ = {isa = PBXBuildFile; fileRef = 7E0424A4263869010049425F /* myGlad.cpp */; };
		7E12C4102689D2F300DD37C5 /* demoLearningColor.cpp in Sources */ = {isa = PBXBuildFile; fileRef = 7E12C40F2689D2F300DD37C5 /* demoLearningColor.cpp */; };
		7E26F305265D5F1D0089D2DD /* practicesLearningCoodinateSystems.cpp in Sources */ = {isa = PBXBuildFile; fileRef = 7E26F304265D5F1D0089D2DD /* practicesLearningCoodinateSystems.cpp */; };
		7E2AA6DD265910D200465AB2 /* demoLearningTransformations.cpp in Sources */ = {isa = PBXBuildFile; fileRef = 7E2AA6DC265910D200465AB2 /* demoLearningTransformations.cpp */; };
		7E4878D92636FAB9006A2D2A /* PracticeDrawTriangle.cpp in Sources */ = {isa = PBXBuildFile; fileRef = 7E4878D82636FAB9006A2D2A /* PracticeDrawTriangle.cpp */; };
		7E6E8494265A249F00385248 /* practiceLearningTransformation.cpp in Sources */ = {isa = PBXBuildFile; fileRef = 7E6E8493265A249F00385248 /* practiceLearningTransformation.cpp */; };
		7E7614AD265EA94A00DA871C /* demoLearningCamera.cpp in Sources */ = {isa = PBXBuildFile; fileRef = 7E7614AC265EA94A00DA871C /* demoLearningCamera.cpp */; };
		7E7A430C26556AEE0029B4A7 /* PracticeLearningTexture.cpp in Sources */ = {isa = PBXBuildFile; fileRef = 7E7A430B26556AEE0029B4A7 /* PracticeLearningTexture.cpp */; };
		7E8DB2FF263468CF00824D97 /* main.cpp in Sources */ = {isa = PBXBuildFile; fileRef = 7E8DB2FE263468CF00824D97 /* main.cpp */; };
		7E8DB31126346B8700824D97 /* glad.c in Sources */ = {isa = PBXBuildFile; fileRef = 7E8DB31026346B8700824D97 /* glad.c */; };
		7E9108732639B65F00CCC3EF /* myShaderProgram.cpp in Sources */ = {isa = PBXBuildFile; fileRef = 7E9108712639B65F00CCC3EF /* myShaderProgram.cpp */; };
		7EB792592660EA140046A2FA /* myCamera.cpp in Sources */ = {isa = PBXBuildFile; fileRef = 7EB792572660EA140046A2FA /* myCamera.cpp */; };
		7EBEAA45264C2FD9001D30D1 /* stb_image.cpp in Sources */ = {isa = PBXBuildFile; fileRef = 7EBEAA44264C2FD9001D30D1 /* stb_image.cpp */; };
		7EBEAA49264C32E9001D30D1 /* demoLearningTexture.cpp in Sources */ = {isa = PBXBuildFile; fileRef = 7EBEAA48264C32E9001D30D1 /* demoLearningTexture.cpp */; };
		7EE6F4E22635C0E4004404FC /* drawTraiangle.cpp in Sources */ = {isa = PBXBuildFile; fileRef = 7EE6F4E12635C0E4004404FC /* drawTraiangle.cpp */; };
		7EE79955264ACFF200F9871F /* PracticeLearningShader.cpp in Sources */ = {isa = PBXBuildFile; fileRef = 7EE79954264ACFF200F9871F /* PracticeLearningShader.cpp */; };
		7EF8F8F52683284B0086D331 /* practicesLearningCamera.cpp in Sources */ = {isa = PBXBuildFile; fileRef = 7EF8F8F42683284B0086D331 /* practicesLearningCamera.cpp */; };
		7EFB7C97265C7FDD000E69E4 /* demoLearningCoordinateSystems.cpp in Sources */ = {isa = PBXBuildFile; fileRef = 7EFB7C96265C7FDD000E69E4 /* demoLearningCoordinateSystems.cpp */; };
		EB1F5D0C26CCA98A00DE4C7C /* demoLearningMaterial.cpp in Sources */ = {isa = PBXBuildFile; fileRef = EB1F5D0B26CCA98A00DE4C7C /* demoLearningMaterial.cpp */; };
		EB6D8D7826D495780016C9CF /* demoLearningLightingMap.cpp in Sources */ = {isa = PBXBuildFile; fileRef = EB6D8D7726D495780016C9CF /* demoLearningLightingMap.cpp */; };
		EBA34D4926E0744D00141935 /* myTexture.cpp in Sources */ = {isa = PBXBuildFile; fileRef = EBA34D4726E0744D00141935 /* myTexture.cpp */; };
		EBB4E07626A848E9006A161F /* practicesLearningBasicLighting.cpp in Sources */ = {isa = PBXBuildFile; fileRef = EBB4E07526A848E9006A161F /* practicesLearningBasicLighting.cpp */; };
		EBB7EC7126D2A74000554646 /* practicesLearningMaterial.cpp in Sources */ = {isa = PBXBuildFile; fileRef = EBB7EC7026D2A74000554646 /* practicesLearningMaterial.cpp */; };
		EBF08C2E26988BEE00AACAB2 /* libglfw.3.3.dylib in Frameworks */ = {isa = PBXBuildFile; fileRef = EBF08C2D26988BEE00AACAB2 /* libglfw.3.3.dylib */; };
		EBF08C3026988C2100AACAB2 /* libGLEW.2.2.0.dylib in Frameworks */ = {isa = PBXBuildFile; fileRef = EBF08C2F26988C2100AACAB2 /* libGLEW.2.2.0.dylib */; };
		EBF08C3126988C3100AACAB2 /* OpenGL.framework in Frameworks */ = {isa = PBXBuildFile; fileRef = 7E8DB30E26346B5C00824D97 /* OpenGL.framework */; };
		EBFA67442699FC310005042B /* demoLearningBasicLighting.cpp in Sources */ = {isa = PBXBuildFile; fileRef = EBFA67432699FC310005042B /* demoLearningBasicLighting.cpp */; };
/* End PBXBuildFile section */

/* Begin PBXCopyFilesBuildPhase section */
		7E8DB2F9263468CF00824D97 /* CopyFiles */ = {
			isa = PBXCopyFilesBuildPhase;
			buildActionMask = 2147483647;
			dstPath = /usr/share/man/man1/;
			dstSubfolderSpec = 0;
			files = (
			);
			runOnlyForDeploymentPostprocessing = 1;
		};
/* End PBXCopyFilesBuildPhase section */

/* Begin PBXFileReference section */
		7E04249A26385F5E0049425F /* demoLearningShader.cpp */ = {isa = PBXFileReference; lastKnownFileType = sourcecode.cpp.cpp; path = demoLearningShader.cpp; sourceTree = "<group>"; };
		7E04249E2638616F0049425F /* myGlfw.cpp */ = {isa = PBXFileReference; lastKnownFileType = sourcecode.cpp.cpp; path = myGlfw.cpp; sourceTree = "<group>"; };
		7E04249F2638616F0049425F /* myGlfw.hpp */ = {isa = PBXFileReference; lastKnownFileType = sourcecode.cpp.h; path = myGlfw.hpp; sourceTree = "<group>"; };
		7E0424A4263869010049425F /* myGlad.cpp */ = {isa = PBXFileReference; lastKnownFileType = sourcecode.cpp.cpp; path = myGlad.cpp; sourceTree = "<group>"; };
		7E0424A5263869010049425F /* myGlad.hpp */ = {isa = PBXFileReference; lastKnownFileType = sourcecode.cpp.h; path = myGlad.hpp; sourceTree = "<group>"; };
		7E12C40F2689D2F300DD37C5 /* demoLearningColor.cpp */ = {isa = PBXFileReference; lastKnownFileType = sourcecode.cpp.cpp; path = demoLearningColor.cpp; sourceTree = "<group>"; };
		7E12C652268AB5BF00DD37C5 /* demoLearningColorLighting.vs */ = {isa = PBXFileReference; lastKnownFileType = sourcecode.glsl; path = demoLearningColorLighting.vs; sourceTree = "<group>"; };
		7E12C653268AEFDF00DD37C5 /* demoLearningColorLighting.fs */ = {isa = PBXFileReference; lastKnownFileType = sourcecode.glsl; path = demoLearningColorLighting.fs; sourceTree = "<group>"; };
		7E12C655268AF09F00DD37C5 /* demoLearningColorLightCube.fs */ = {isa = PBXFileReference; lastKnownFileType = sourcecode.glsl; path = demoLearningColorLightCube.fs; sourceTree = "<group>"; };
		7E26F301265D51400089D2DD /* demoLearningCoordinateSystems.vs */ = {isa = PBXFileReference; lastKnownFileType = sourcecode.glsl; path = demoLearningCoordinateSystems.vs; sourceTree = "<group>"; };
		7E26F302265D51620089D2DD /* demoLearningCoordinateSystems.fs */ = {isa = PBXFileReference; lastKnownFileType = sourcecode.glsl; path = demoLearningCoordinateSystems.fs; sourceTree = "<group>"; };
		7E26F304265D5F1D0089D2DD /* practicesLearningCoodinateSystems.cpp */ = {isa = PBXFileReference; lastKnownFileType = sourcecode.cpp.cpp; path = practicesLearningCoodinateSystems.cpp; sourceTree = "<group>"; };
		7E2AA6DC265910D200465AB2 /* demoLearningTransformations.cpp */ = {isa = PBXFileReference; lastKnownFileType = sourcecode.cpp.cpp; path = demoLearningTransformations.cpp; sourceTree = "<group>"; };
		7E2AA6DF26597F5D00465AB2 /* demoLearningTransformation.vs */ = {isa = PBXFileReference; lastKnownFileType = sourcecode.glsl; path = demoLearningTransformation.vs; sourceTree = "<group>"; };
		7E2AA6E02659802000465AB2 /* demoLearningTransformation.fs */ = {isa = PBXFileReference; lastKnownFileType = sourcecode.glsl; path = demoLearningTransformation.fs; sourceTree = "<group>"; };
		7E313A02264C4AB500EB87E1 /* container.jpeg */ = {isa = PBXFileReference; lastKnownFileType = image.jpeg; path = container.jpeg; sourceTree = "<group>"; };
		7E4451C92649911E00860086 /* shader.vs */ = {isa = PBXFileReference; lastKnownFileType = sourcecode.glsl; path = shader.vs; sourceTree = "<group>"; };
		7E4451CA264991E600860086 /* shader.fs */ = {isa = PBXFileReference; lastKnownFileType = sourcecode.glsl; path = shader.fs; sourceTree = "<group>"; };
		7E4878D82636FAB9006A2D2A /* PracticeDrawTriangle.cpp */ = {isa = PBXFileReference; lastKnownFileType = sourcecode.cpp.cpp; path = PracticeDrawTriangle.cpp; sourceTree = "<group>"; };
		7E6E8493265A249F00385248 /* practiceLearningTransformation.cpp */ = {isa = PBXFileReference; lastKnownFileType = sourcecode.cpp.cpp; path = practiceLearningTransformation.cpp; sourceTree = "<group>"; };
		7E7614AC265EA94A00DA871C /* demoLearningCamera.cpp */ = {isa = PBXFileReference; lastKnownFileType = sourcecode.cpp.cpp; path = demoLearningCamera.cpp; sourceTree = "<group>"; };
		7E7A430B26556AEE0029B4A7 /* PracticeLearningTexture.cpp */ = {isa = PBXFileReference; lastKnownFileType = sourcecode.cpp.cpp; path = PracticeLearningTexture.cpp; sourceTree = "<group>"; };
		7E7A430E265574DB0029B4A7 /* practicesLearningTexture.vs */ = {isa = PBXFileReference; lastKnownFileType = sourcecode.glsl; path = practicesLearningTexture.vs; sourceTree = "<group>"; };
		7E7A430F265575C50029B4A7 /* practicesLearningTexture.fs */ = {isa = PBXFileReference; lastKnownFileType = sourcecode.glsl; path = practicesLearningTexture.fs; sourceTree = "<group>"; };
		7E8DB2FB263468CF00824D97 /* DemoForDrawTriangle_20210424 */ = {isa = PBXFileReference; explicitFileType = "compiled.mach-o.executable"; includeInIndex = 0; path = DemoForDrawTriangle_20210424; sourceTree = BUILT_PRODUCTS_DIR; };
		7E8DB2FE263468CF00824D97 /* main.cpp */ = {isa = PBXFileReference; lastKnownFileType = sourcecode.cpp.cpp; path = main.cpp; sourceTree = "<group>"; };
		7E8DB30E26346B5C00824D97 /* OpenGL.framework */ = {isa = PBXFileReference; lastKnownFileType = wrapper.framework; name = OpenGL.framework; path = System/Library/Frameworks/OpenGL.framework; sourceTree = SDKROOT; };
		7E8DB31026346B8700824D97 /* glad.c */ = {isa = PBXFileReference; fileEncoding = 4; lastKnownFileType = sourcecode.c.c; name = glad.c; path = ../../glad/src/glad.c; sourceTree = "<group>"; };
		7E8DB31426346F5C00824D97 /* DemoForDrawTriangle_20210424.entitlements */ = {isa = PBXFileReference; lastKnownFileType = text.plist.entitlements; path = DemoForDrawTriangle_20210424.entitlements; sourceTree = "<group>"; };
		7E9108712639B65F00CCC3EF /* myShaderProgram.cpp */ = {isa = PBXFileReference; lastKnownFileType = sourcecode.cpp.cpp; path = myShaderProgram.cpp; sourceTree = "<group>"; };
		7E9108722639B65F00CCC3EF /* myShaderProgram.hpp */ = {isa = PBXFileReference; lastKnownFileType = sourcecode.cpp.h; path = myShaderProgram.hpp; sourceTree = "<group>"; };
		7EB792572660EA140046A2FA /* myCamera.cpp */ = {isa = PBXFileReference; lastKnownFileType = sourcecode.cpp.cpp; path = myCamera.cpp; sourceTree = "<group>"; };
		7EB792582660EA140046A2FA /* myCamera.hpp */ = {isa = PBXFileReference; lastKnownFileType = sourcecode.cpp.h; path = myCamera.hpp; sourceTree = "<group>"; };
		7EBEAA43264C2E6C001D30D1 /* stb_image.h */ = {isa = PBXFileReference; lastKnownFileType = sourcecode.c.h; path = stb_image.h; sourceTree = "<group>"; };
		7EBEAA44264C2FD9001D30D1 /* stb_image.cpp */ = {isa = PBXFileReference; lastKnownFileType = sourcecode.cpp.cpp; path = stb_image.cpp; sourceTree = "<group>"; };
		7EBEAA48264C32E9001D30D1 /* demoLearningTexture.cpp */ = {isa = PBXFileReference; lastKnownFileType = sourcecode.cpp.cpp; path = demoLearningTexture.cpp; sourceTree = "<group>"; };
		7EBEAA4E264C3808001D30D1 /* wall.jpg */ = {isa = PBXFileReference; lastKnownFileType = image.jpeg; path = wall.jpg; sourceTree = "<group>"; };
		7EBEAA51264C4725001D30D1 /* demoLearningTexture.vs */ = {isa = PBXFileReference; lastKnownFileType = sourcecode.glsl; path = demoLearningTexture.vs; sourceTree = "<group>"; };
		7EBEAA52264C47EF001D30D1 /* demoLearningTexture.fs */ = {isa = PBXFileReference; lastKnownFileType = sourcecode.glsl; path = demoLearningTexture.fs; sourceTree = "<group>"; };
		7EE6F4E12635C0E4004404FC /* drawTraiangle.cpp */ = {isa = PBXFileReference; lastKnownFileType = sourcecode.cpp.cpp; path = drawTraiangle.cpp; sourceTree = "<group>"; };
		7EE79954264ACFF200F9871F /* PracticeLearningShader.cpp */ = {isa = PBXFileReference; lastKnownFileType = sourcecode.cpp.cpp; path = PracticeLearningShader.cpp; sourceTree = "<group>"; };
		7EE79957264AD61400F9871F /* practiceLearningShader.vs */ = {isa = PBXFileReference; lastKnownFileType = sourcecode.glsl; path = practiceLearningShader.vs; sourceTree = "<group>"; };
		7EF8F8F42683284B0086D331 /* practicesLearningCamera.cpp */ = {isa = PBXFileReference; lastKnownFileType = sourcecode.cpp.cpp; path = practicesLearningCamera.cpp; sourceTree = "<group>"; };
		7EFB7C96265C7FDD000E69E4 /* demoLearningCoordinateSystems.cpp */ = {isa = PBXFileReference; lastKnownFileType = sourcecode.cpp.cpp; path = demoLearningCoordinateSystems.cpp; sourceTree = "<group>"; };
		7EFE3BEA2651847E006A8D86 /* awesomeface.png */ = {isa = PBXFileReference; lastKnownFileType = image.png; path = awesomeface.png; sourceTree = "<group>"; };
		EB1F5D0B26CCA98A00DE4C7C /* demoLearningMaterial.cpp */ = {isa = PBXFileReference; lastKnownFileType = sourcecode.cpp.cpp; path = demoLearningMaterial.cpp; sourceTree = "<group>"; };
		EB6D0B5626CDF1F100B1D4EA /* demoLearningMaterialLighting.vs */ = {isa = PBXFileReference; lastKnownFileType = sourcecode.glsl; path = demoLearningMaterialLighting.vs; sourceTree = "<group>"; };
		EB6D0B5726CDF21F00B1D4EA /* demoLearningMaterialLightingCube.vs */ = {isa = PBXFileReference; lastKnownFileType = sourcecode.glsl; path = demoLearningMaterialLightingCube.vs; sourceTree = "<group>"; };
		EB6D0B5826CDF23900B1D4EA /* demoLearningMaterialLightingCube.fs */ = {isa = PBXFileReference; lastKnownFileType = sourcecode.glsl; path = demoLearningMaterialLightingCube.fs; sourceTree = "<group>"; };
		EB6D0B5926CDF25500B1D4EA /* demoLearningMaterialLighting.fs */ = {isa = PBXFileReference; lastKnownFileType = sourcecode.glsl; path = demoLearningMaterialLighting.fs; sourceTree = "<group>"; };
		EB6D8D7726D495780016C9CF /* demoLearningLightingMap.cpp */ = {isa = PBXFileReference; lastKnownFileType = sourcecode.cpp.cpp; path = demoLearningLightingMap.cpp; sourceTree = "<group>"; };
		EB6D8D7926D498AC0016C9CF /* container.png */ = {isa = PBXFileReference; lastKnownFileType = image.png; path = container.png; sourceTree = "<group>"; };
		EBA09A6226D341A1006A3517 /* practicesLearningMaterialLighting.vs */ = {isa = PBXFileReference; lastKnownFileType = sourcecode.glsl; path = practicesLearningMaterialLighting.vs; sourceTree = "<group>"; };
		EBA09A6326D342AC006A3517 /* practicesLearningMaterialLighting.fs */ = {isa = PBXFileReference; lastKnownFileType = sourcecode.glsl; path = practicesLearningMaterialLighting.fs; sourceTree = "<group>"; };
		EBA09A6426D34665006A3517 /* practicesLearningMaterialLightingCube.vs */ = {isa = PBXFileReference; lastKnownFileType = sourcecode.glsl; path = practicesLearningMaterialLightingCube.vs; sourceTree = "<group>"; };
		EBA09A6526D346EF006A3517 /* practicesLearningMaterialLightingCube.fs */ = {isa = PBXFileReference; lastKnownFileType = sourcecode.glsl; path = practicesLearningMaterialLightingCube.fs; sourceTree = "<group>"; };
		EBA15DC3269B046F0077E6E2 /* demoLearningBasicLighting.fs */ = {isa = PBXFileReference; lastKnownFileType = sourcecode.glsl; path = demoLearningBasicLighting.fs; sourceTree = "<group>"; };
		EBA15DC4269B4CC40077E6E2 /* demoLearningBasicLighting.vs */ = {isa = PBXFileReference; lastKnownFileType = sourcecode.glsl; path = demoLearningBasicLighting.vs; sourceTree = "<group>"; };
		EBA34D4726E0744D00141935 /* myTexture.cpp */ = {isa = PBXFileReference; lastKnownFileType = sourcecode.cpp.cpp; path = myTexture.cpp; sourceTree = "<group>"; };
		EBA34D4826E0744D00141935 /* myTexture.hpp */ = {isa = PBXFileReference; lastKnownFileType = sourcecode.cpp.h; path = myTexture.hpp; sourceTree = "<group>"; };
		EBB4E07526A848E9006A161F /* practicesLearningBasicLighting.cpp */ = {isa = PBXFileReference; lastKnownFileType = sourcecode.cpp.cpp; path = practicesLearningBasicLighting.cpp; sourceTree = "<group>"; };
		EBB5D3F526E7160A0056FFF3 /* demoLearningLightingMap.vs */ = {isa = PBXFileReference; lastKnownFileType = sourcecode.glsl; path = demoLearningLightingMap.vs; sourceTree = "<group>"; };
		EBB5D3F726E717B40056FFF3 /* demoLearningLightingMap.fs */ = {isa = PBXFileReference; lastKnownFileType = sourcecode.glsl; path = demoLearningLightingMap.fs; sourceTree = "<group>"; };
		EBB5D3F926E84C610056FFF3 /* demoLearningLightingMapCube.vs */ = {isa = PBXFileReference; lastKnownFileType = sourcecode.glsl; path = demoLearningLightingMapCube.vs; sourceTree = "<group>"; };
		EBB5D3FA26E851830056FFF3 /* demoLearningLightingMapCube.fs */ = {isa = PBXFileReference; lastKnownFileType = sourcecode.glsl; path = demoLearningLightingMapCube.fs; sourceTree = "<group>"; };
		EBB5D3FB26E866CF0056FFF3 /* container2_specular.png */ = {isa = PBXFileReference; lastKnownFileType = image.png; path = container2_specular.png; sourceTree = "<group>"; };
		EBB7EC7026D2A74000554646 /* practicesLearningMaterial.cpp */ = {isa = PBXFileReference; lastKnownFileType = sourcecode.cpp.cpp; path = practicesLearningMaterial.cpp; sourceTree = "<group>"; };
		EBC82E4726A9C6ED007EBF81 /* practicesLearningBasicLighting.vs */ = {isa = PBXFileReference; lastKnownFileType = sourcecode.glsl; path = practicesLearningBasicLighting.vs; sourceTree = "<group>"; };
		EBC82E4826A9C9CF007EBF81 /* practicesLearningBasicLighting.fs */ = {isa = PBXFileReference; lastKnownFileType = sourcecode.glsl; path = practicesLearningBasicLighting.fs; sourceTree = "<group>"; };
		EBF08C2D26988BEE00AACAB2 /* libglfw.3.3.dylib */ = {isa = PBXFileReference; lastKnownFileType = "compiled.mach-o.dylib"; name = libglfw.3.3.dylib; path = ../../../../../../../usr/local/Cellar/glfw/3.3.4/lib/libglfw.3.3.dylib; sourceTree = "<group>"; };
		EBF08C2F26988C2100AACAB2 /* libGLEW.2.2.0.dylib */ = {isa = PBXFileReference; lastKnownFileType = "compiled.mach-o.dylib"; name = libGLEW.2.2.0.dylib; path = ../../../../../../../usr/local/Cellar/glew/2.2.0_1/lib/libGLEW.2.2.0.dylib; sourceTree = "<group>"; };
		EBFA67432699FC310005042B /* demoLearningBasicLighting.cpp */ = {isa = PBXFileReference; lastKnownFileType = sourcecode.cpp.cpp; path = demoLearningBasicLighting.cpp; sourceTree = "<group>"; };
/* End PBXFileReference section */

/* Begin PBXFrameworksBuildPhase section */
		7E8DB2F8263468CF00824D97 /* Frameworks */ = {
			isa = PBXFrameworksBuildPhase;
			buildActionMask = 2147483647;
			files = (
				EBF08C3126988C3100AACAB2 /* OpenGL.framework in Frameworks */,
				EBF08C3026988C2100AACAB2 /* libGLEW.2.2.0.dylib in Frameworks */,
				EBF08C2E26988BEE00AACAB2 /* libglfw.3.3.dylib in Frameworks */,
			);
			runOnlyForDeploymentPostprocessing = 0;
		};
/* End PBXFrameworksBuildPhase section */

/* Begin PBXGroup section */
		7E04249426385ECB0049425F /* utils */ = {
			isa = PBXGroup;
			children = (
				7E04249E2638616F0049425F /* myGlfw.cpp */,
				7E04249F2638616F0049425F /* myGlfw.hpp */,
				7E0424A4263869010049425F /* myGlad.cpp */,
				7E0424A5263869010049425F /* myGlad.hpp */,
				7E9108712639B65F00CCC3EF /* myShaderProgram.cpp */,
				7E9108722639B65F00CCC3EF /* myShaderProgram.hpp */,
				7EBEAA43264C2E6C001D30D1 /* stb_image.h */,
				7EBEAA44264C2FD9001D30D1 /* stb_image.cpp */,
				7EB792572660EA140046A2FA /* myCamera.cpp */,
				7EB792582660EA140046A2FA /* myCamera.hpp */,
				EBA34D4726E0744D00141935 /* myTexture.cpp */,
				EBA34D4826E0744D00141935 /* myTexture.hpp */,
			);
			path = utils;
			sourceTree = "<group>";
		};
		7E4451C72649888B00860086 /* vs */ = {
			isa = PBXGroup;
			children = (
				EBA34D4626E0713200141935 /* demoLearningLightingMap */,
				7E4451C92649911E00860086 /* shader.vs */,
				7EE79957264AD61400F9871F /* practiceLearningShader.vs */,
				7EBEAA51264C4725001D30D1 /* demoLearningTexture.vs */,
				7E7A430E265574DB0029B4A7 /* practicesLearningTexture.vs */,
				7E2AA6DF26597F5D00465AB2 /* demoLearningTransformation.vs */,
				7E26F301265D51400089D2DD /* demoLearningCoordinateSystems.vs */,
				7E12C652268AB5BF00DD37C5 /* demoLearningColorLighting.vs */,
				EBA15DC4269B4CC40077E6E2 /* demoLearningBasicLighting.vs */,
				EBC82E4726A9C6ED007EBF81 /* practicesLearningBasicLighting.vs */,
				EB6D0B5626CDF1F100B1D4EA /* demoLearningMaterialLighting.vs */,
				EB6D0B5726CDF21F00B1D4EA /* demoLearningMaterialLightingCube.vs */,
				EBA09A6226D341A1006A3517 /* practicesLearningMaterialLighting.vs */,
				EBA09A6426D34665006A3517 /* practicesLearningMaterialLightingCube.vs */,
			);
			path = vs;
			sourceTree = "<group>";
		};
		7E4451C82649889200860086 /* fs */ = {
			isa = PBXGroup;
			children = (
				EBB5D3F626E717900056FFF3 /* demoLearningLightingMap */,
				7E7A430F265575C50029B4A7 /* practicesLearningTexture.fs */,
				7E4451CA264991E600860086 /* shader.fs */,
				7EBEAA52264C47EF001D30D1 /* demoLearningTexture.fs */,
				7E2AA6E02659802000465AB2 /* demoLearningTransformation.fs */,
				7E26F302265D51620089D2DD /* demoLearningCoordinateSystems.fs */,
				7E12C653268AEFDF00DD37C5 /* demoLearningColorLighting.fs */,
				7E12C655268AF09F00DD37C5 /* demoLearningColorLightCube.fs */,
				EBA15DC3269B046F0077E6E2 /* demoLearningBasicLighting.fs */,
				EBC82E4826A9C9CF007EBF81 /* practicesLearningBasicLighting.fs */,
				EB6D0B5826CDF23900B1D4EA /* demoLearningMaterialLightingCube.fs */,
				EB6D0B5926CDF25500B1D4EA /* demoLearningMaterialLighting.fs */,
				EBA09A6326D342AC006A3517 /* practicesLearningMaterialLighting.fs */,
				EBA09A6526D346EF006A3517 /* practicesLearningMaterialLightingCube.fs */,
			);
			path = fs;
			sourceTree = "<group>";
		};
		7E8DB2F2263468CF00824D97 = {
			isa = PBXGroup;
			children = (
				7E8DB2FD263468CF00824D97 /* DemoForDrawTriangle_20210424 */,
				7E8DB2FC263468CF00824D97 /* Products */,
				7E8DB30726346B1800824D97 /* Frameworks */,
			);
			sourceTree = "<group>";
		};
		7E8DB2FC263468CF00824D97 /* Products */ = {
			isa = PBXGroup;
			children = (
				7E8DB2FB263468CF00824D97 /* DemoForDrawTriangle_20210424 */,
			);
			name = Products;
			sourceTree = "<group>";
		};
		7E8DB2FD263468CF00824D97 /* DemoForDrawTriangle_20210424 */ = {
			isa = PBXGroup;
			children = (
				7EBEAA4B264C377E001D30D1 /* resources */,
				7E4451C82649889200860086 /* fs */,
				7E4451C72649888B00860086 /* vs */,
				7E04249426385ECB0049425F /* utils */,
				7E8DB31426346F5C00824D97 /* DemoForDrawTriangle_20210424.entitlements */,
				7E8DB31026346B8700824D97 /* glad.c */,
				7E8DB2FE263468CF00824D97 /* main.cpp */,
				7EE6F4E12635C0E4004404FC /* drawTraiangle.cpp */,
				7E4878D82636FAB9006A2D2A /* PracticeDrawTriangle.cpp */,
				7E04249A26385F5E0049425F /* demoLearningShader.cpp */,
				7EE79954264ACFF200F9871F /* PracticeLearningShader.cpp */,
				7EBEAA48264C32E9001D30D1 /* demoLearningTexture.cpp */,
				7E7A430B26556AEE0029B4A7 /* PracticeLearningTexture.cpp */,
				7E2AA6DC265910D200465AB2 /* demoLearningTransformations.cpp */,
				7E6E8493265A249F00385248 /* practiceLearningTransformation.cpp */,
				7EFB7C96265C7FDD000E69E4 /* demoLearningCoordinateSystems.cpp */,
				7E26F304265D5F1D0089D2DD /* practicesLearningCoodinateSystems.cpp */,
				7E7614AC265EA94A00DA871C /* demoLearningCamera.cpp */,
				7EF8F8F42683284B0086D331 /* practicesLearningCamera.cpp */,
				7E12C40F2689D2F300DD37C5 /* demoLearningColor.cpp */,
				EBFA67432699FC310005042B /* demoLearningBasicLighting.cpp */,
				EBB4E07526A848E9006A161F /* practicesLearningBasicLighting.cpp */,
				EB1F5D0B26CCA98A00DE4C7C /* demoLearningMaterial.cpp */,
				EBB7EC7026D2A74000554646 /* practicesLearningMaterial.cpp */,
				EB6D8D7726D495780016C9CF /* demoLearningLightingMap.cpp */,
			);
			path = DemoForDrawTriangle_20210424;
			sourceTree = "<group>";
		};
		7E8DB30726346B1800824D97 /* Frameworks */ = {
			isa = PBXGroup;
			children = (
				EBF08C2F26988C2100AACAB2 /* libGLEW.2.2.0.dylib */,
				EBF08C2D26988BEE00AACAB2 /* libglfw.3.3.dylib */,
				7E8DB30E26346B5C00824D97 /* OpenGL.framework */,
			);
			name = Frameworks;
			sourceTree = "<group>";
		};
		7EBEAA4B264C377E001D30D1 /* resources */ = {
			isa = PBXGroup;
			children = (
				EBB5D3FB26E866CF0056FFF3 /* container2_specular.png */,
				EB6D8D7926D498AC0016C9CF /* container.png */,
				7EFE3BEA2651847E006A8D86 /* awesomeface.png */,
				7E313A02264C4AB500EB87E1 /* container.jpeg */,
				7EBEAA4E264C3808001D30D1 /* wall.jpg */,
			);
			path = resources;
			sourceTree = "<group>";
		};
		EBA34D4626E0713200141935 /* demoLearningLightingMap */ = {
			isa = PBXGroup;
			children = (
				EBB5D3F526E7160A0056FFF3 /* demoLearningLightingMap.vs */,
				EBB5D3F926E84C610056FFF3 /* demoLearningLightingMapCube.vs */,
			);
			path = demoLearningLightingMap;
			sourceTree = "<group>";
		};
		EBB5D3F626E717900056FFF3 /* demoLearningLightingMap */ = {
			isa = PBXGroup;
			children = (
				EBB5D3F726E717B40056FFF3 /* demoLearningLightingMap.fs */,
				EBB5D3FA26E851830056FFF3 /* demoLearningLightingMapCube.fs */,
			);
			path = demoLearningLightingMap;
			sourceTree = "<group>";
		};
/* End PBXGroup section */

/* Begin PBXNativeTarget section */
		7E8DB2FA263468CF00824D97 /* DemoForDrawTriangle_20210424 */ = {
			isa = PBXNativeTarget;
			buildConfigurationList = 7E8DB302263468CF00824D97 /* Build configuration list for PBXNativeTarget "DemoForDrawTriangle_20210424" */;
			buildPhases = (
				7E8DB2F7263468CF00824D97 /* Sources */,
				7E8DB2F8263468CF00824D97 /* Frameworks */,
				7E8DB2F9263468CF00824D97 /* CopyFiles */,
			);
			buildRules = (
			);
			dependencies = (
			);
			name = DemoForDrawTriangle_20210424;
			productName = DemoForDrawTriangle_20210424;
			productReference = 7E8DB2FB263468CF00824D97 /* DemoForDrawTriangle_20210424 */;
			productType = "com.apple.product-type.tool";
		};
/* End PBXNativeTarget section */

/* Begin PBXProject section */
		7E8DB2F3263468CF00824D97 /* Project object */ = {
			isa = PBXProject;
			attributes = {
				LastUpgradeCheck = 1230;
				TargetAttributes = {
					7E8DB2FA263468CF00824D97 = {
						CreatedOnToolsVersion = 12.3;
					};
				};
			};
			buildConfigurationList = 7E8DB2F6263468CF00824D97 /* Build configuration list for PBXProject "DemoForDrawTriangle_20210424" */;
			compatibilityVersion = "Xcode 9.3";
			developmentRegion = en;
			hasScannedForEncodings = 0;
			knownRegions = (
				en,
				Base,
			);
			mainGroup = 7E8DB2F2263468CF00824D97;
			productRefGroup = 7E8DB2FC263468CF00824D97 /* Products */;
			projectDirPath = "";
			projectRoot = "";
			targets = (
				7E8DB2FA263468CF00824D97 /* DemoForDrawTriangle_20210424 */,
			);
		};
/* End PBXProject section */

/* Begin PBXSourcesBuildPhase section */
		7E8DB2F7263468CF00824D97 /* Sources */ = {
			isa = PBXSourcesBuildPhase;
			buildActionMask = 2147483647;
			files = (
				7E2AA6DD265910D200465AB2 /* demoLearningTransformations.cpp in Sources */,
				EBA34D4926E0744D00141935 /* myTexture.cpp in Sources */,
				7EFB7C97265C7FDD000E69E4 /* demoLearningCoordinateSystems.cpp in Sources */,
				EB6D8D7826D495780016C9CF /* demoLearningLightingMap.cpp in Sources */,
				7E26F305265D5F1D0089D2DD /* practicesLearningCoodinateSystems.cpp in Sources */,
				7EF8F8F52683284B0086D331 /* practicesLearningCamera.cpp in Sources */,
				7E7A430C26556AEE0029B4A7 /* PracticeLearningTexture.cpp in Sources */,
				7E4878D92636FAB9006A2D2A /* PracticeDrawTriangle.cpp in Sources */,
				7E9108732639B65F00CCC3EF /* myShaderProgram.cpp in Sources */,
				7E0424A02638616F0049425F /* myGlfw.cpp in Sources */,
				7EE79955264ACFF200F9871F /* PracticeLearningShader.cpp in Sources */,
				7E04249B26385F5E0049425F /* demoLearningShader.cpp in Sources */,
				EBFA67442699FC310005042B /* demoLearningBasicLighting.cpp in Sources */,
				EBB7EC7126D2A74000554646 /* practicesLearningMaterial.cpp in Sources */,
				7E12C4102689D2F300DD37C5 /* demoLearningColor.cpp in Sources */,
				7E6E8494265A249F00385248 /* practiceLearningTransformation.cpp in Sources */,
				7E8DB2FF263468CF00824D97 /* main.cpp in Sources */,
				7EBEAA49264C32E9001D30D1 /* demoLearningTexture.cpp in Sources */,
				EBB4E07626A848E9006A161F /* practicesLearningBasicLighting.cpp in Sources */,
				7EB792592660EA140046A2FA /* myCamera.cpp in Sources */,
				7E8DB31126346B8700824D97 /* glad.c in Sources */,
				7E7614AD265EA94A00DA871C /* demoLearningCamera.cpp in Sources */,
				7EBEAA45264C2FD9001D30D1 /* stb_image.cpp in Sources */,
				7E0424A6263869010049425F /* myGlad.cpp in Sources */,
				7EE6F4E22635C0E4004404FC /* drawTraiangle.cpp in Sources */,
				EB1F5D0C26CCA98A00DE4C7C /* demoLearningMaterial.cpp in Sources */,
			);
			runOnlyForDeploymentPostprocessing = 0;
		};
/* End PBXSourcesBuildPhase section */

/* Begin XCBuildConfiguration section */
		7E8DB300263468CF00824D97 /* Debug */ = {
			isa = XCBuildConfiguration;
			buildSettings = {
				ALWAYS_SEARCH_USER_PATHS = NO;
				CLANG_ANALYZER_NONNULL = YES;
				CLANG_ANALYZER_NUMBER_OBJECT_CONVERSION = YES_AGGRESSIVE;
				CLANG_CXX_LANGUAGE_STANDARD = "gnu++14";
				CLANG_CXX_LIBRARY = "libc++";
				CLANG_ENABLE_MODULES = YES;
				CLANG_ENABLE_OBJC_ARC = YES;
				CLANG_ENABLE_OBJC_WEAK = YES;
				CLANG_WARN_BLOCK_CAPTURE_AUTORELEASING = YES;
				CLANG_WARN_BOOL_CONVERSION = YES;
				CLANG_WARN_COMMA = YES;
				CLANG_WARN_CONSTANT_CONVERSION = YES;
				CLANG_WARN_DEPRECATED_OBJC_IMPLEMENTATIONS = YES;
				CLANG_WARN_DIRECT_OBJC_ISA_USAGE = YES_ERROR;
				CLANG_WARN_DOCUMENTATION_COMMENTS = YES;
				CLANG_WARN_EMPTY_BODY = YES;
				CLANG_WARN_ENUM_CONVERSION = YES;
				CLANG_WARN_INFINITE_RECURSION = YES;
				CLANG_WARN_INT_CONVERSION = YES;
				CLANG_WARN_NON_LITERAL_NULL_CONVERSION = YES;
				CLANG_WARN_OBJC_IMPLICIT_RETAIN_SELF = YES;
				CLANG_WARN_OBJC_LITERAL_CONVERSION = YES;
				CLANG_WARN_OBJC_ROOT_CLASS = YES_ERROR;
				CLANG_WARN_QUOTED_INCLUDE_IN_FRAMEWORK_HEADER = YES;
				CLANG_WARN_RANGE_LOOP_ANALYSIS = YES;
				CLANG_WARN_STRICT_PROTOTYPES = YES;
				CLANG_WARN_SUSPICIOUS_MOVE = YES;
				CLANG_WARN_UNGUARDED_AVAILABILITY = YES_AGGRESSIVE;
				CLANG_WARN_UNREACHABLE_CODE = YES;
				CLANG_WARN__DUPLICATE_METHOD_MATCH = YES;
				COPY_PHASE_STRIP = NO;
				DEBUG_INFORMATION_FORMAT = dwarf;
				ENABLE_STRICT_OBJC_MSGSEND = YES;
				ENABLE_TESTABILITY = YES;
				GCC_C_LANGUAGE_STANDARD = gnu11;
				GCC_DYNAMIC_NO_PIC = NO;
				GCC_NO_COMMON_BLOCKS = YES;
				GCC_OPTIMIZATION_LEVEL = 0;
				GCC_PREPROCESSOR_DEFINITIONS = (
					"DEBUG=1",
					"$(inherited)",
				);
				GCC_WARN_64_TO_32_BIT_CONVERSION = YES;
				GCC_WARN_ABOUT_RETURN_TYPE = YES_ERROR;
				GCC_WARN_UNDECLARED_SELECTOR = YES;
				GCC_WARN_UNINITIALIZED_AUTOS = YES_AGGRESSIVE;
				GCC_WARN_UNUSED_FUNCTION = YES;
				GCC_WARN_UNUSED_VARIABLE = YES;
				MACOSX_DEPLOYMENT_TARGET = 10.15;
				MTL_ENABLE_DEBUG_INFO = INCLUDE_SOURCE;
				MTL_FAST_MATH = YES;
				ONLY_ACTIVE_ARCH = YES;
				SDKROOT = macosx;
			};
			name = Debug;
		};
		7E8DB301263468CF00824D97 /* Release */ = {
			isa = XCBuildConfiguration;
			buildSettings = {
				ALWAYS_SEARCH_USER_PATHS = NO;
				CLANG_ANALYZER_NONNULL = YES;
				CLANG_ANALYZER_NUMBER_OBJECT_CONVERSION = YES_AGGRESSIVE;
				CLANG_CXX_LANGUAGE_STANDARD = "gnu++14";
				CLANG_CXX_LIBRARY = "libc++";
				CLANG_ENABLE_MODULES = YES;
				CLANG_ENABLE_OBJC_ARC = YES;
				CLANG_ENABLE_OBJC_WEAK = YES;
				CLANG_WARN_BLOCK_CAPTURE_AUTORELEASING = YES;
				CLANG_WARN_BOOL_CONVERSION = YES;
				CLANG_WARN_COMMA = YES;
				CLANG_WARN_CONSTANT_CONVERSION = YES;
				CLANG_WARN_DEPRECATED_OBJC_IMPLEMENTATIONS = YES;
				CLANG_WARN_DIRECT_OBJC_ISA_USAGE = YES_ERROR;
				CLANG_WARN_DOCUMENTATION_COMMENTS = YES;
				CLANG_WARN_EMPTY_BODY = YES;
				CLANG_WARN_ENUM_CONVERSION = YES;
				CLANG_WARN_INFINITE_RECURSION = YES;
				CLANG_WARN_INT_CONVERSION = YES;
				CLANG_WARN_NON_LITERAL_NULL_CONVERSION = YES;
				CLANG_WARN_OBJC_IMPLICIT_RETAIN_SELF = YES;
				CLANG_WARN_OBJC_LITERAL_CONVERSION = YES;
				CLANG_WARN_OBJC_ROOT_CLASS = YES_ERROR;
				CLANG_WARN_QUOTED_INCLUDE_IN_FRAMEWORK_HEADER = YES;
				CLANG_WARN_RANGE_LOOP_ANALYSIS = YES;
				CLANG_WARN_STRICT_PROTOTYPES = YES;
				CLANG_WARN_SUSPICIOUS_MOVE = YES;
				CLANG_WARN_UNGUARDED_AVAILABILITY = YES_AGGRESSIVE;
				CLANG_WARN_UNREACHABLE_CODE = YES;
				CLANG_WARN__DUPLICATE_METHOD_MATCH = YES;
				COPY_PHASE_STRIP = NO;
				DEBUG_INFORMATION_FORMAT = "dwarf-with-dsym";
				ENABLE_NS_ASSERTIONS = NO;
				ENABLE_STRICT_OBJC_MSGSEND = YES;
				GCC_C_LANGUAGE_STANDARD = gnu11;
				GCC_NO_COMMON_BLOCKS = YES;
				GCC_WARN_64_TO_32_BIT_CONVERSION = YES;
				GCC_WARN_ABOUT_RETURN_TYPE = YES_ERROR;
				GCC_WARN_UNDECLARED_SELECTOR = YES;
				GCC_WARN_UNINITIALIZED_AUTOS = YES_AGGRESSIVE;
				GCC_WARN_UNUSED_FUNCTION = YES;
				GCC_WARN_UNUSED_VARIABLE = YES;
				MACOSX_DEPLOYMENT_TARGET = 10.15;
				MTL_ENABLE_DEBUG_INFO = NO;
				MTL_FAST_MATH = YES;
				SDKROOT = macosx;
			};
			name = Release;
		};
		7E8DB303263468CF00824D97 /* Debug */ = {
			isa = XCBuildConfiguration;
			buildSettings = {
				CODE_SIGN_ENTITLEMENTS = DemoForDrawTriangle_20210424/DemoForDrawTriangle_20210424.entitlements;
				CODE_SIGN_STYLE = Automatic;
				DEVELOPMENT_TEAM = 7UZZH4Q59N;
				ENABLE_HARDENED_RUNTIME = NO;
				HEADER_SEARCH_PATHS = (
					"$(inherited)",
					/usr/local/include,
					/usr/local/Cellar/glfw/3.3.4/include,
					/usr/local/Cellar/glew/2.2.0_1/include,
					"/usr/local/Cellar/glm/0.9.9.8/include/**",
				);
				LIBRARY_SEARCH_PATHS = (
					"$(inherited)",
					/usr/local/lib,
					/usr/local/Cellar/glfw/3.3.4/lib,
					/usr/local/Cellar/glew/2.2.0_1/lib,
					"/usr/local/Cellar/glm/0.9.9.8/lib/**",
				);
				PRODUCT_NAME = "$(TARGET_NAME)";
			};
			name = Debug;
		};
		7E8DB304263468CF00824D97 /* Release */ = {
			isa = XCBuildConfiguration;
			buildSettings = {
				CODE_SIGN_ENTITLEMENTS = DemoForDrawTriangle_20210424/DemoForDrawTriangle_20210424.entitlements;
				CODE_SIGN_STYLE = Automatic;
				DEVELOPMENT_TEAM = 7UZZH4Q59N;
				ENABLE_HARDENED_RUNTIME = NO;
				HEADER_SEARCH_PATHS = (
					"$(inherited)",
					/usr/local/include,
					/usr/local/Cellar/glfw/3.3.4/include,
					/usr/local/Cellar/glew/2.2.0_1/include,
					"/usr/local/Cellar/glm/0.9.9.8/include/**",
				);
				LIBRARY_SEARCH_PATHS = (
					"$(inherited)",
					/usr/local/lib,
					/usr/local/Cellar/glfw/3.3.4/lib,
					/usr/local/Cellar/glew/2.2.0_1/lib,
					"/usr/local/Cellar/glm/0.9.9.8/lib/**",
				);
				PRODUCT_NAME = "$(TARGET_NAME)";
			};
			name = Release;
		};
/* End XCBuildConfiguration section */

/* Begin XCConfigurationList section */
		7E8DB2F6263468CF00824D97 /* Build configuration list for PBXProject "DemoForDrawTriangle_20210424" */ = {
			isa = XCConfigurationList;
			buildConfigurations = (
				7E8DB300263468CF00824D97 /* Debug */,
				7E8DB301263468CF00824D97 /* Release */,
			);
			defaultConfigurationIsVisible = 0;
			defaultConfigurationName = Release;
		};
		7E8DB302263468CF00824D97 /* Build configuration list for PBXNativeTarget "DemoForDrawTriangle_20210424" */ = {
			isa = XCConfigurationList;
			buildConfigurations = (
				7E8DB303263468CF00824D97 /* Debug */,
				7E8DB304263468CF00824D97 /* Release */,
			);
			defaultConfigurationIsVisible = 0;
			defaultConfigurationName = Release;
		};
/* End XCConfigurationList section */
	};
	rootObject = 7E8DB2F3263468CF00824D97 /* Project object */;
}
