// !$*UTF8*$!
{
	archiveVersion = 1;
	classes = {
	};
	objectVersion = 50;
	objects = {

/* Begin PBXBuildFile section */
		7E04249B26385F5E0049425F /* demoLearningShader.cpp in Sources */ = {isa = PBXBuildFile; fileRef = 7E04249A26385F5E0049425F /* demoLearningShader.cpp */; };
		7E0424A02638616F0049425F /* myGlfw.cpp in Sources */ = {isa = PBXBuildFile; fileRef = 7E04249E2638616F0049425F /* myGlfw.cpp */; };
		7E0424A6263869010049425F /* myGlad.cpp in Sources */ = {isa = PBXBuildFile; fileRef = 7E0424A4263869010049425F /* myGlad.cpp */; };
		7E4878D92636FAB9006A2D2A /* PracticeDrawTriangle.cpp in Sources */ = {isa = PBXBuildFile; fileRef = 7E4878D82636FAB9006A2D2A /* PracticeDrawTriangle.cpp */; };
		7E7A430C26556AEE0029B4A7 /* PracticeLearningTexture.cpp in Sources */ = {isa = PBXBuildFile; fileRef = 7E7A430B26556AEE0029B4A7 /* PracticeLearningTexture.cpp */; };
		7E8DB2FF263468CF00824D97 /* main.cpp in Sources */ = {isa = PBXBuildFile; fileRef = 7E8DB2FE263468CF00824D97 /* main.cpp */; };
		7E8DB30926346B1800824D97 /* libglfw.3.3.dylib in Frameworks */ = {isa = PBXBuildFile; fileRef = 7E8DB30826346B1800824D97 /* libglfw.3.3.dylib */; };
		7E8DB30C26346B4800824D97 /* libGLEW.2.2.0.dylib in Frameworks */ = {isa = PBXBuildFile; fileRef = 7E8DB30B26346B4800824D97 /* libGLEW.2.2.0.dylib */; };
		7E8DB30F26346B5C00824D97 /* OpenGL.framework in Frameworks */ = {isa = PBXBuildFile; fileRef = 7E8DB30E26346B5C00824D97 /* OpenGL.framework */; };
		7E8DB31126346B8700824D97 /* glad.c in Sources */ = {isa = PBXBuildFile; fileRef = 7E8DB31026346B8700824D97 /* glad.c */; };
		7E9108732639B65F00CCC3EF /* myShaderProgram.cpp in Sources */ = {isa = PBXBuildFile; fileRef = 7E9108712639B65F00CCC3EF /* myShaderProgram.cpp */; };
		7EBEAA45264C2FD9001D30D1 /* stb_image.cpp in Sources */ = {isa = PBXBuildFile; fileRef = 7EBEAA44264C2FD9001D30D1 /* stb_image.cpp */; };
		7EBEAA49264C32E9001D30D1 /* demoLearningTexture.cpp in Sources */ = {isa = PBXBuildFile; fileRef = 7EBEAA48264C32E9001D30D1 /* demoLearningTexture.cpp */; };
		7EE6F4E22635C0E4004404FC /* drawTraiangle.cpp in Sources */ = {isa = PBXBuildFile; fileRef = 7EE6F4E12635C0E4004404FC /* drawTraiangle.cpp */; };
		7EE79955264ACFF200F9871F /* PracticeLearningShader.cpp in Sources */ = {isa = PBXBuildFile; fileRef = 7EE79954264ACFF200F9871F /* PracticeLearningShader.cpp */; };
/* End PBXBuildFile section */

/* Begin PBXCopyFilesBuildPhase section */
		7E8DB2F9263468CF00824D97 /* CopyFiles */ = {
			isa = PBXCopyFilesBuildPhase;
			buildActionMask = 2147483647;
			dstPath = /usr/share/man/man1/;
			dstSubfolderSpec = 0;
			files = (
			);
			runOnlyForDeploymentPostprocessing = 1;
		};
/* End PBXCopyFilesBuildPhase section */

/* Begin PBXFileReference section */
		7E04249A26385F5E0049425F /* demoLearningShader.cpp */ = {isa = PBXFileReference; lastKnownFileType = sourcecode.cpp.cpp; path = demoLearningShader.cpp; sourceTree = "<group>"; };
		7E04249E2638616F0049425F /* myGlfw.cpp */ = {isa = PBXFileReference; lastKnownFileType = sourcecode.cpp.cpp; path = myGlfw.cpp; sourceTree = "<group>"; };
		7E04249F2638616F0049425F /* myGlfw.hpp */ = {isa = PBXFileReference; lastKnownFileType = sourcecode.cpp.h; path = myGlfw.hpp; sourceTree = "<group>"; };
		7E0424A4263869010049425F /* myGlad.cpp */ = {isa = PBXFileReference; lastKnownFileType = sourcecode.cpp.cpp; path = myGlad.cpp; sourceTree = "<group>"; };
		7E0424A5263869010049425F /* myGlad.hpp */ = {isa = PBXFileReference; lastKnownFileType = sourcecode.cpp.h; path = myGlad.hpp; sourceTree = "<group>"; };
		7E313A02264C4AB500EB87E1 /* container.jpeg */ = {isa = PBXFileReference; lastKnownFileType = image.jpeg; path = container.jpeg; sourceTree = "<group>"; };
		7E4451C92649911E00860086 /* shader.vs */ = {isa = PBXFileReference; lastKnownFileType = sourcecode.glsl; path = shader.vs; sourceTree = "<group>"; };
		7E4451CA264991E600860086 /* shader.fs */ = {isa = PBXFileReference; lastKnownFileType = sourcecode.glsl; path = shader.fs; sourceTree = "<group>"; };
		7E4878D82636FAB9006A2D2A /* PracticeDrawTriangle.cpp */ = {isa = PBXFileReference; lastKnownFileType = sourcecode.cpp.cpp; path = PracticeDrawTriangle.cpp; sourceTree = "<group>"; };
		7E7A430B26556AEE0029B4A7 /* PracticeLearningTexture.cpp */ = {isa = PBXFileReference; lastKnownFileType = sourcecode.cpp.cpp; path = PracticeLearningTexture.cpp; sourceTree = "<group>"; };
		7E7A430E265574DB0029B4A7 /* practicesLearningTexture.vs */ = {isa = PBXFileReference; lastKnownFileType = sourcecode.glsl; path = practicesLearningTexture.vs; sourceTree = "<group>"; };
		7E7A430F265575C50029B4A7 /* practicesLearningTexture.fs */ = {isa = PBXFileReference; lastKnownFileType = sourcecode.glsl; path = practicesLearningTexture.fs; sourceTree = "<group>"; };
		7E8DB2FB263468CF00824D97 /* DemoForDrawTriangle_20210424 */ = {isa = PBXFileReference; explicitFileType = "compiled.mach-o.executable"; includeInIndex = 0; path = DemoForDrawTriangle_20210424; sourceTree = BUILT_PRODUCTS_DIR; };
		7E8DB2FE263468CF00824D97 /* main.cpp */ = {isa = PBXFileReference; lastKnownFileType = sourcecode.cpp.cpp; path = main.cpp; sourceTree = "<group>"; };
		7E8DB30826346B1800824D97 /* libglfw.3.3.dylib */ = {isa = PBXFileReference; lastKnownFileType = "compiled.mach-o.dylib"; name = libglfw.3.3.dylib; path = ../../../../../../../usr/local/Cellar/glfw/3.3.2/lib/libglfw.3.3.dylib; sourceTree = "<group>"; };
		7E8DB30B26346B4800824D97 /* libGLEW.2.2.0.dylib */ = {isa = PBXFileReference; lastKnownFileType = "compiled.mach-o.dylib"; name = libGLEW.2.2.0.dylib; path = ../../../../../../../usr/local/Cellar/glew/2.2.0/lib/libGLEW.2.2.0.dylib; sourceTree = "<group>"; };
		7E8DB30E26346B5C00824D97 /* OpenGL.framework */ = {isa = PBXFileReference; lastKnownFileType = wrapper.framework; name = OpenGL.framework; path = System/Library/Frameworks/OpenGL.framework; sourceTree = SDKROOT; };
		7E8DB31026346B8700824D97 /* glad.c */ = {isa = PBXFileReference; fileEncoding = 4; lastKnownFileType = sourcecode.c.c; name = glad.c; path = ../../glad/src/glad.c; sourceTree = "<group>"; };
		7E8DB31426346F5C00824D97 /* DemoForDrawTriangle_20210424.entitlements */ = {isa = PBXFileReference; lastKnownFileType = text.plist.entitlements; path = DemoForDrawTriangle_20210424.entitlements; sourceTree = "<group>"; };
		7E9108712639B65F00CCC3EF /* myShaderProgram.cpp */ = {isa = PBXFileReference; lastKnownFileType = sourcecode.cpp.cpp; path = myShaderProgram.cpp; sourceTree = "<group>"; };
		7E9108722639B65F00CCC3EF /* myShaderProgram.hpp */ = {isa = PBXFileReference; lastKnownFileType = sourcecode.cpp.h; path = myShaderProgram.hpp; sourceTree = "<group>"; };
		7EBEAA43264C2E6C001D30D1 /* stb_image.h */ = {isa = PBXFileReference; lastKnownFileType = sourcecode.c.h; path = stb_image.h; sourceTree = "<group>"; };
		7EBEAA44264C2FD9001D30D1 /* stb_image.cpp */ = {isa = PBXFileReference; lastKnownFileType = sourcecode.cpp.cpp; path = stb_image.cpp; sourceTree = "<group>"; };
		7EBEAA48264C32E9001D30D1 /* demoLearningTexture.cpp */ = {isa = PBXFileReference; lastKnownFileType = sourcecode.cpp.cpp; path = demoLearningTexture.cpp; sourceTree = "<group>"; };
		7EBEAA4E264C3808001D30D1 /* wall.jpg */ = {isa = PBXFileReference; lastKnownFileType = image.jpeg; path = wall.jpg; sourceTree = "<group>"; };
		7EBEAA51264C4725001D30D1 /* demoLearningTexture.vs */ = {isa = PBXFileReference; lastKnownFileType = sourcecode.glsl; path = demoLearningTexture.vs; sourceTree = "<group>"; };
		7EBEAA52264C47EF001D30D1 /* demoLearningTexture.fs */ = {isa = PBXFileReference; lastKnownFileType = sourcecode.glsl; path = demoLearningTexture.fs; sourceTree = "<group>"; };
		7EE6F4E12635C0E4004404FC /* drawTraiangle.cpp */ = {isa = PBXFileReference; lastKnownFileType = sourcecode.cpp.cpp; path = drawTraiangle.cpp; sourceTree = "<group>"; };
		7EE79954264ACFF200F9871F /* PracticeLearningShader.cpp */ = {isa = PBXFileReference; lastKnownFileType = sourcecode.cpp.cpp; path = PracticeLearningShader.cpp; sourceTree = "<group>"; };
		7EE79957264AD61400F9871F /* practiceLearningShader.vs */ = {isa = PBXFileReference; lastKnownFileType = sourcecode.glsl; path = practiceLearningShader.vs; sourceTree = "<group>"; };
		7EFE3BEA2651847E006A8D86 /* awesomeface.png */ = {isa = PBXFileReference; lastKnownFileType = image.png; path = awesomeface.png; sourceTree = "<group>"; };
/* End PBXFileReference section */

/* Begin PBXFrameworksBuildPhase section */
		7E8DB2F8263468CF00824D97 /* Frameworks */ = {
			isa = PBXFrameworksBuildPhase;
			buildActionMask = 2147483647;
			files = (
				7E8DB30926346B1800824D97 /* libglfw.3.3.dylib in Frameworks */,
				7E8DB30C26346B4800824D97 /* libGLEW.2.2.0.dylib in Frameworks */,
				7E8DB30F26346B5C00824D97 /* OpenGL.framework in Frameworks */,
			);
			runOnlyForDeploymentPostprocessing = 0;
		};
/* End PBXFrameworksBuildPhase section */

/* Begin PBXGroup section */
		7E04249426385ECB0049425F /* utils */ = {
			isa = PBXGroup;
			children = (
				7E04249E2638616F0049425F /* myGlfw.cpp */,
				7E04249F2638616F0049425F /* myGlfw.hpp */,
				7E0424A4263869010049425F /* myGlad.cpp */,
				7E0424A5263869010049425F /* myGlad.hpp */,
				7E9108712639B65F00CCC3EF /* myShaderProgram.cpp */,
				7E9108722639B65F00CCC3EF /* myShaderProgram.hpp */,
				7EBEAA43264C2E6C001D30D1 /* stb_image.h */,
				7EBEAA44264C2FD9001D30D1 /* stb_image.cpp */,
			);
			path = utils;
			sourceTree = "<group>";
		};
		7E4451C72649888B00860086 /* vs */ = {
			isa = PBXGroup;
			children = (
				7E4451C92649911E00860086 /* shader.vs */,
				7EE79957264AD61400F9871F /* practiceLearningShader.vs */,
				7EBEAA51264C4725001D30D1 /* demoLearningTexture.vs */,
				7E7A430E265574DB0029B4A7 /* practicesLearningTexture.vs */,
			);
			path = vs;
			sourceTree = "<group>";
		};
		7E4451C82649889200860086 /* fs */ = {
			isa = PBXGroup;
			children = (
				7E7A430F265575C50029B4A7 /* practicesLearningTexture.fs */,
				7E4451CA264991E600860086 /* shader.fs */,
				7EBEAA52264C47EF001D30D1 /* demoLearningTexture.fs */,
			);
			path = fs;
			sourceTree = "<group>";
		};
		7E8DB2F2263468CF00824D97 = {
			isa = PBXGroup;
			children = (
				7E8DB2FD263468CF00824D97 /* DemoForDrawTriangle_20210424 */,
				7E8DB2FC263468CF00824D97 /* Products */,
				7E8DB30726346B1800824D97 /* Frameworks */,
			);
			sourceTree = "<group>";
		};
		7E8DB2FC263468CF00824D97 /* Products */ = {
			isa = PBXGroup;
			children = (
				7E8DB2FB263468CF00824D97 /* DemoForDrawTriangle_20210424 */,
			);
			name = Products;
			sourceTree = "<group>";
		};
		7E8DB2FD263468CF00824D97 /* DemoForDrawTriangle_20210424 */ = {
			isa = PBXGroup;
			children = (
				7EBEAA4B264C377E001D30D1 /* resources */,
				7E4451C82649889200860086 /* fs */,
				7E4451C72649888B00860086 /* vs */,
				7E04249426385ECB0049425F /* utils */,
				7E8DB31426346F5C00824D97 /* DemoForDrawTriangle_20210424.entitlements */,
				7E8DB31026346B8700824D97 /* glad.c */,
				7E8DB2FE263468CF00824D97 /* main.cpp */,
				7EE6F4E12635C0E4004404FC /* drawTraiangle.cpp */,
				7E4878D82636FAB9006A2D2A /* PracticeDrawTriangle.cpp */,
				7E04249A26385F5E0049425F /* demoLearningShader.cpp */,
				7EE79954264ACFF200F9871F /* PracticeLearningShader.cpp */,
				7EBEAA48264C32E9001D30D1 /* demoLearningTexture.cpp */,
				7E7A430B26556AEE0029B4A7 /* PracticeLearningTexture.cpp */,
			);
			path = DemoForDrawTriangle_20210424;
			sourceTree = "<group>";
		};
		7E8DB30726346B1800824D97 /* Frameworks */ = {
			isa = PBXGroup;
			children = (
				7E8DB30E26346B5C00824D97 /* OpenGL.framework */,
				7E8DB30B26346B4800824D97 /* libGLEW.2.2.0.dylib */,
				7E8DB30826346B1800824D97 /* libglfw.3.3.dylib */,
			);
			name = Frameworks;
			sourceTree = "<group>";
		};
		7EBEAA4B264C377E001D30D1 /* resources */ = {
			isa = PBXGroup;
			children = (
				7EFE3BEA2651847E006A8D86 /* awesomeface.png */,
				7E313A02264C4AB500EB87E1 /* container.jpeg */,
				7EBEAA4E264C3808001D30D1 /* wall.jpg */,
			);
			path = resources;
			sourceTree = "<group>";
		};
/* End PBXGroup section */

/* Begin PBXNativeTarget section */
		7E8DB2FA263468CF00824D97 /* DemoForDrawTriangle_20210424 */ = {
			isa = PBXNativeTarget;
			buildConfigurationList = 7E8DB302263468CF00824D97 /* Build configuration list for PBXNativeTarget "DemoForDrawTriangle_20210424" */;
			buildPhases = (
				7E8DB2F7263468CF00824D97 /* Sources */,
				7E8DB2F8263468CF00824D97 /* Frameworks */,
				7E8DB2F9263468CF00824D97 /* CopyFiles */,
			);
			buildRules = (
			);
			dependencies = (
			);
			name = DemoForDrawTriangle_20210424;
			productName = DemoForDrawTriangle_20210424;
			productReference = 7E8DB2FB263468CF00824D97 /* DemoForDrawTriangle_20210424 */;
			productType = "com.apple.product-type.tool";
		};
/* End PBXNativeTarget section */

/* Begin PBXProject section */
		7E8DB2F3263468CF00824D97 /* Project object */ = {
			isa = PBXProject;
			attributes = {
				LastUpgradeCheck = 1230;
				TargetAttributes = {
					7E8DB2FA263468CF00824D97 = {
						CreatedOnToolsVersion = 12.3;
					};
				};
			};
			buildConfigurationList = 7E8DB2F6263468CF00824D97 /* Build configuration list for PBXProject "DemoForDrawTriangle_20210424" */;
			compatibilityVersion = "Xcode 9.3";
			developmentRegion = en;
			hasScannedForEncodings = 0;
			knownRegions = (
				en,
				Base,
			);
			mainGroup = 7E8DB2F2263468CF00824D97;
			productRefGroup = 7E8DB2FC263468CF00824D97 /* Products */;
			projectDirPath = "";
			projectRoot = "";
			targets = (
				7E8DB2FA263468CF00824D97 /* DemoForDrawTriangle_20210424 */,
			);
		};
/* End PBXProject section */

/* Begin PBXSourcesBuildPhase section */
		7E8DB2F7263468CF00824D97 /* Sources */ = {
			isa = PBXSourcesBuildPhase;
			buildActionMask = 2147483647;
			files = (
				7E7A430C26556AEE0029B4A7 /* PracticeLearningTexture.cpp in Sources */,
				7E4878D92636FAB9006A2D2A /* PracticeDrawTriangle.cpp in Sources */,
				7E9108732639B65F00CCC3EF /* myShaderProgram.cpp in Sources */,
				7E0424A02638616F0049425F /* myGlfw.cpp in Sources */,
				7EE79955264ACFF200F9871F /* PracticeLearningShader.cpp in Sources */,
				7E04249B26385F5E0049425F /* demoLearningShader.cpp in Sources */,
				7E8DB2FF263468CF00824D97 /* main.cpp in Sources */,
				7EBEAA49264C32E9001D30D1 /* demoLearningTexture.cpp in Sources */,
				7E8DB31126346B8700824D97 /* glad.c in Sources */,
				7EBEAA45264C2FD9001D30D1 /* stb_image.cpp in Sources */,
				7E0424A6263869010049425F /* myGlad.cpp in Sources */,
				7EE6F4E22635C0E4004404FC /* drawTraiangle.cpp in Sources */,
			);
			runOnlyForDeploymentPostprocessing = 0;
		};
/* End PBXSourcesBuildPhase section */

/* Begin XCBuildConfiguration section */
		7E8DB300263468CF00824D97 /* Debug */ = {
			isa = XCBuildConfiguration;
			buildSettings = {
				ALWAYS_SEARCH_USER_PATHS = NO;
				CLANG_ANALYZER_NONNULL = YES;
				CLANG_ANALYZER_NUMBER_OBJECT_CONVERSION = YES_AGGRESSIVE;
				CLANG_CXX_LANGUAGE_STANDARD = "gnu++14";
				CLANG_CXX_LIBRARY = "libc++";
				CLANG_ENABLE_MODULES = YES;
				CLANG_ENABLE_OBJC_ARC = YES;
				CLANG_ENABLE_OBJC_WEAK = YES;
				CLANG_WARN_BLOCK_CAPTURE_AUTORELEASING = YES;
				CLANG_WARN_BOOL_CONVERSION = YES;
				CLANG_WARN_COMMA = YES;
				CLANG_WARN_CONSTANT_CONVERSION = YES;
				CLANG_WARN_DEPRECATED_OBJC_IMPLEMENTATIONS = YES;
				CLANG_WARN_DIRECT_OBJC_ISA_USAGE = YES_ERROR;
				CLANG_WARN_DOCUMENTATION_COMMENTS = YES;
				CLANG_WARN_EMPTY_BODY = YES;
				CLANG_WARN_ENUM_CONVERSION = YES;
				CLANG_WARN_INFINITE_RECURSION = YES;
				CLANG_WARN_INT_CONVERSION = YES;
				CLANG_WARN_NON_LITERAL_NULL_CONVERSION = YES;
				CLANG_WARN_OBJC_IMPLICIT_RETAIN_SELF = YES;
				CLANG_WARN_OBJC_LITERAL_CONVERSION = YES;
				CLANG_WARN_OBJC_ROOT_CLASS = YES_ERROR;
				CLANG_WARN_QUOTED_INCLUDE_IN_FRAMEWORK_HEADER = YES;
				CLANG_WARN_RANGE_LOOP_ANALYSIS = YES;
				CLANG_WARN_STRICT_PROTOTYPES = YES;
				CLANG_WARN_SUSPICIOUS_MOVE = YES;
				CLANG_WARN_UNGUARDED_AVAILABILITY = YES_AGGRESSIVE;
				CLANG_WARN_UNREACHABLE_CODE = YES;
				CLANG_WARN__DUPLICATE_METHOD_MATCH = YES;
				COPY_PHASE_STRIP = NO;
				DEBUG_INFORMATION_FORMAT = dwarf;
				ENABLE_STRICT_OBJC_MSGSEND = YES;
				ENABLE_TESTABILITY = YES;
				GCC_C_LANGUAGE_STANDARD = gnu11;
				GCC_DYNAMIC_NO_PIC = NO;
				GCC_NO_COMMON_BLOCKS = YES;
				GCC_OPTIMIZATION_LEVEL = 0;
				GCC_PREPROCESSOR_DEFINITIONS = (
					"DEBUG=1",
					"$(inherited)",
				);
				GCC_WARN_64_TO_32_BIT_CONVERSION = YES;
				GCC_WARN_ABOUT_RETURN_TYPE = YES_ERROR;
				GCC_WARN_UNDECLARED_SELECTOR = YES;
				GCC_WARN_UNINITIALIZED_AUTOS = YES_AGGRESSIVE;
				GCC_WARN_UNUSED_FUNCTION = YES;
				GCC_WARN_UNUSED_VARIABLE = YES;
				MACOSX_DEPLOYMENT_TARGET = 10.15;
				MTL_ENABLE_DEBUG_INFO = INCLUDE_SOURCE;
				MTL_FAST_MATH = YES;
				ONLY_ACTIVE_ARCH = YES;
				SDKROOT = macosx;
			};
			name = Debug;
		};
		7E8DB301263468CF00824D97 /* Release */ = {
			isa = XCBuildConfiguration;
			buildSettings = {
				ALWAYS_SEARCH_USER_PATHS = NO;
				CLANG_ANALYZER_NONNULL = YES;
				CLANG_ANALYZER_NUMBER_OBJECT_CONVERSION = YES_AGGRESSIVE;
				CLANG_CXX_LANGUAGE_STANDARD = "gnu++14";
				CLANG_CXX_LIBRARY = "libc++";
				CLANG_ENABLE_MODULES = YES;
				CLANG_ENABLE_OBJC_ARC = YES;
				CLANG_ENABLE_OBJC_WEAK = YES;
				CLANG_WARN_BLOCK_CAPTURE_AUTORELEASING = YES;
				CLANG_WARN_BOOL_CONVERSION = YES;
				CLANG_WARN_COMMA = YES;
				CLANG_WARN_CONSTANT_CONVERSION = YES;
				CLANG_WARN_DEPRECATED_OBJC_IMPLEMENTATIONS = YES;
				CLANG_WARN_DIRECT_OBJC_ISA_USAGE = YES_ERROR;
				CLANG_WARN_DOCUMENTATION_COMMENTS = YES;
				CLANG_WARN_EMPTY_BODY = YES;
				CLANG_WARN_ENUM_CONVERSION = YES;
				CLANG_WARN_INFINITE_RECURSION = YES;
				CLANG_WARN_INT_CONVERSION = YES;
				CLANG_WARN_NON_LITERAL_NULL_CONVERSION = YES;
				CLANG_WARN_OBJC_IMPLICIT_RETAIN_SELF = YES;
				CLANG_WARN_OBJC_LITERAL_CONVERSION = YES;
				CLANG_WARN_OBJC_ROOT_CLASS = YES_ERROR;
				CLANG_WARN_QUOTED_INCLUDE_IN_FRAMEWORK_HEADER = YES;
				CLANG_WARN_RANGE_LOOP_ANALYSIS = YES;
				CLANG_WARN_STRICT_PROTOTYPES = YES;
				CLANG_WARN_SUSPICIOUS_MOVE = YES;
				CLANG_WARN_UNGUARDED_AVAILABILITY = YES_AGGRESSIVE;
				CLANG_WARN_UNREACHABLE_CODE = YES;
				CLANG_WARN__DUPLICATE_METHOD_MATCH = YES;
				COPY_PHASE_STRIP = NO;
				DEBUG_INFORMATION_FORMAT = "dwarf-with-dsym";
				ENABLE_NS_ASSERTIONS = NO;
				ENABLE_STRICT_OBJC_MSGSEND = YES;
				GCC_C_LANGUAGE_STANDARD = gnu11;
				GCC_NO_COMMON_BLOCKS = YES;
				GCC_WARN_64_TO_32_BIT_CONVERSION = YES;
				GCC_WARN_ABOUT_RETURN_TYPE = YES_ERROR;
				GCC_WARN_UNDECLARED_SELECTOR = YES;
				GCC_WARN_UNINITIALIZED_AUTOS = YES_AGGRESSIVE;
				GCC_WARN_UNUSED_FUNCTION = YES;
				GCC_WARN_UNUSED_VARIABLE = YES;
				MACOSX_DEPLOYMENT_TARGET = 10.15;
				MTL_ENABLE_DEBUG_INFO = NO;
				MTL_FAST_MATH = YES;
				SDKROOT = macosx;
			};
			name = Release;
		};
		7E8DB303263468CF00824D97 /* Debug */ = {
			isa = XCBuildConfiguration;
			buildSettings = {
				CODE_SIGN_ENTITLEMENTS = DemoForDrawTriangle_20210424/DemoForDrawTriangle_20210424.entitlements;
				CODE_SIGN_STYLE = Automatic;
				DEVELOPMENT_TEAM = W9P6ZPAAZ3;
				ENABLE_HARDENED_RUNTIME = NO;
				HEADER_SEARCH_PATHS = (
					/Users/linxiaoyi/xiaoyi/CodeDemo/LearningOpenGLForMac/LearningOpenGL_20210424/DemoForDrawTriangle_20210424/DemoForDrawTriangle_20210424/Library/include,
					"$(inherited)",
					/usr/local/Cellar/glfw/3.3.2/lib,
					/usr/local/Cellar/glew/2.2.0/lib,
					/usr/local/Cellar/glm/0.9.9.8/lib,
					/usr/local/include,
				);
				LIBRARY_SEARCH_PATHS = (
					"$(inherited)",
					/usr/local/Cellar/glfw/3.3.2/lib,
					/usr/local/Cellar/glew/2.2.0/lib,
					/usr/local/Cellar/glm/0.9.9.8/lib,
				);
				PRODUCT_NAME = "$(TARGET_NAME)";
			};
			name = Debug;
		};
		7E8DB304263468CF00824D97 /* Release */ = {
			isa = XCBuildConfiguration;
			buildSettings = {
				CODE_SIGN_ENTITLEMENTS = DemoForDrawTriangle_20210424/DemoForDrawTriangle_20210424.entitlements;
				CODE_SIGN_STYLE = Automatic;
				DEVELOPMENT_TEAM = W9P6ZPAAZ3;
				ENABLE_HARDENED_RUNTIME = NO;
				HEADER_SEARCH_PATHS = (
					/Users/linxiaoyi/xiaoyi/CodeDemo/LearningOpenGLForMac/LearningOpenGL_20210424/DemoForDrawTriangle_20210424/DemoForDrawTriangle_20210424/Library/include,
					"$(inherited)",
					/usr/local/Cellar/glfw/3.3.2/lib,
					/usr/local/Cellar/glew/2.2.0/lib,
					/usr/local/Cellar/glm/0.9.9.8/lib,
					/usr/local/include,
				);
				LIBRARY_SEARCH_PATHS = (
					"$(inherited)",
					/usr/local/Cellar/glfw/3.3.2/lib,
					/usr/local/Cellar/glew/2.2.0/lib,
					/usr/local/Cellar/glm/0.9.9.8/lib,
				);
				PRODUCT_NAME = "$(TARGET_NAME)";
			};
			name = Release;
		};
/* End XCBuildConfiguration section */

/* Begin XCConfigurationList section */
		7E8DB2F6263468CF00824D97 /* Build configuration list for PBXProject "DemoForDrawTriangle_20210424" */ = {
			isa = XCConfigurationList;
			buildConfigurations = (
				7E8DB300263468CF00824D97 /* Debug */,
				7E8DB301263468CF00824D97 /* Release */,
			);
			defaultConfigurationIsVisible = 0;
			defaultConfigurationName = Release;
		};
		7E8DB302263468CF00824D97 /* Build configuration list for PBXNativeTarget "DemoForDrawTriangle_20210424" */ = {
			isa = XCConfigurationList;
			buildConfigurations = (
				7E8DB303263468CF00824D97 /* Debug */,
				7E8DB304263468CF00824D97 /* Release */,
			);
			defaultConfigurationIsVisible = 0;
			defaultConfigurationName = Release;
		};
/* End XCConfigurationList section */
	};
	rootObject = 7E8DB2F3263468CF00824D97 /* Project object */;
}
